// !$*UTF8*$!
{
	archiveVersion = 1;
	classes = {
	};
	objectVersion = 56;
	objects = {

/* Begin PBXBuildFile section */
		7128C0C22A5EA77B00134365 /* SignUpViewController.swift in Sources */ = {isa = PBXBuildFile; fileRef = 7128C0C12A5EA77B00134365 /* SignUpViewController.swift */; };
		7128C0C42A5EA78800134365 /* SignUp.storyboard in Resources */ = {isa = PBXBuildFile; fileRef = 7128C0C32A5EA78800134365 /* SignUp.storyboard */; };
		7128C0D32A5EBD9A00134365 /* UserModel.swift in Sources */ = {isa = PBXBuildFile; fileRef = 7128C0D22A5EBD9A00134365 /* UserModel.swift */; };
		7128C0D52A5EBDB000134365 /* LoginViewModel.swift in Sources */ = {isa = PBXBuildFile; fileRef = 7128C0D42A5EBDB000134365 /* LoginViewModel.swift */; };
		7128C0D82A5EC13200134365 /* FirebaseAuth in Frameworks */ = {isa = PBXBuildFile; productRef = 7128C0D72A5EC13200134365 /* FirebaseAuth */; };
		7128C0DA2A5EC13200134365 /* FirebaseDatabase in Frameworks */ = {isa = PBXBuildFile; productRef = 7128C0D92A5EC13200134365 /* FirebaseDatabase */; };
		7128C0DC2A5EC13200134365 /* FirebaseFirestore in Frameworks */ = {isa = PBXBuildFile; productRef = 7128C0DB2A5EC13200134365 /* FirebaseFirestore */; };
		7128C0DE2A5EC13300134365 /* FirebaseStorage in Frameworks */ = {isa = PBXBuildFile; productRef = 7128C0DD2A5EC13300134365 /* FirebaseStorage */; };
		7128C0E02A5EC19400134365 /* GoogleService-Info.plist in Resources */ = {isa = PBXBuildFile; fileRef = 7128C0DF2A5EC19400134365 /* GoogleService-Info.plist */; };
		7128C0E22A5EC74200134365 /* HomeViewController.swift in Sources */ = {isa = PBXBuildFile; fileRef = 7128C0E12A5EC74200134365 /* HomeViewController.swift */; };
		7128C0E42A5EC74900134365 /* Home.storyboard in Resources */ = {isa = PBXBuildFile; fileRef = 7128C0E32A5EC74900134365 /* Home.storyboard */; };
		7128C0E62A5EC9EC00134365 /* SignUpViewModel.swift in Sources */ = {isa = PBXBuildFile; fileRef = 7128C0E52A5EC9EC00134365 /* SignUpViewModel.swift */; };
		71B4F1512A5FE1DB003118AC /* SettingsViewController.swift in Sources */ = {isa = PBXBuildFile; fileRef = 71B4F1502A5FE1DB003118AC /* SettingsViewController.swift */; };
		71B4F1572A601C32003118AC /* Assets.xcassets in Resources */ = {isa = PBXBuildFile; fileRef = 71B4F1562A601C32003118AC /* Assets.xcassets */; };
		71C9984F2A5EF943003E8D77 /* FirstTableViewCell.swift in Sources */ = {isa = PBXBuildFile; fileRef = 71C9984D2A5EF943003E8D77 /* FirstTableViewCell.swift */; };
		71C998502A5EF943003E8D77 /* FirstTableViewCell.xib in Resources */ = {isa = PBXBuildFile; fileRef = 71C9984E2A5EF943003E8D77 /* FirstTableViewCell.xib */; };
		71C998552A5F0035003E8D77 /* SecondTableViewCell.swift in Sources */ = {isa = PBXBuildFile; fileRef = 71C998532A5F0035003E8D77 /* SecondTableViewCell.swift */; };
		71C998562A5F0035003E8D77 /* SecondTableViewCell.xib in Resources */ = {isa = PBXBuildFile; fileRef = 71C998542A5F0035003E8D77 /* SecondTableViewCell.xib */; };
		71C998582A5F07C4003E8D77 /* NewExpense.storyboard in Resources */ = {isa = PBXBuildFile; fileRef = 71C998572A5F07C4003E8D77 /* NewExpense.storyboard */; };
		71C9985A2A5F07DD003E8D77 /* NewExpenseViewController.swift in Sources */ = {isa = PBXBuildFile; fileRef = 71C998592A5F07DD003E8D77 /* NewExpenseViewController.swift */; };
		71C9985C2A5F1136003E8D77 /* ExpenseModel.swift in Sources */ = {isa = PBXBuildFile; fileRef = 71C9985B2A5F1136003E8D77 /* ExpenseModel.swift */; };
		71C9985E2A5F1161003E8D77 /* ItemViewModel.swift in Sources */ = {isa = PBXBuildFile; fileRef = 71C9985D2A5F1161003E8D77 /* ItemViewModel.swift */; };
		71C998602A5F140C003E8D77 /* HomeViewModel.swift in Sources */ = {isa = PBXBuildFile; fileRef = 71C9985F2A5F140C003E8D77 /* HomeViewModel.swift */; };
		71D191562A5E943E0050DC3D /* AppDelegate.swift in Sources */ = {isa = PBXBuildFile; fileRef = 71D191552A5E943E0050DC3D /* AppDelegate.swift */; };
		71D191582A5E943E0050DC3D /* SceneDelegate.swift in Sources */ = {isa = PBXBuildFile; fileRef = 71D191572A5E943E0050DC3D /* SceneDelegate.swift */; };
		71D1915A2A5E943E0050DC3D /* LoginViewController.swift in Sources */ = {isa = PBXBuildFile; fileRef = 71D191592A5E943E0050DC3D /* LoginViewController.swift */; };
		71D1915D2A5E943E0050DC3D /* Login.storyboard in Resources */ = {isa = PBXBuildFile; fileRef = 71D1915B2A5E943E0050DC3D /* Login.storyboard */; };
		71D191602A5E943E0050DC3D /* BudgetManagment.xcdatamodeld in Sources */ = {isa = PBXBuildFile; fileRef = 71D1915E2A5E943E0050DC3D /* BudgetManagment.xcdatamodeld */; };
		71D191652A5E943F0050DC3D /* LaunchScreen.storyboard in Resources */ = {isa = PBXBuildFile; fileRef = 71D191632A5E943F0050DC3D /* LaunchScreen.storyboard */; };
/* End PBXBuildFile section */

/* Begin PBXFileReference section */
		7128C0C12A5EA77B00134365 /* SignUpViewController.swift */ = {isa = PBXFileReference; lastKnownFileType = sourcecode.swift; path = SignUpViewController.swift; sourceTree = "<group>"; };
		7128C0C32A5EA78800134365 /* SignUp.storyboard */ = {isa = PBXFileReference; lastKnownFileType = file.storyboard; path = SignUp.storyboard; sourceTree = "<group>"; };
		7128C0D22A5EBD9A00134365 /* UserModel.swift */ = {isa = PBXFileReference; lastKnownFileType = sourcecode.swift; path = UserModel.swift; sourceTree = "<group>"; };
		7128C0D42A5EBDB000134365 /* LoginViewModel.swift */ = {isa = PBXFileReference; lastKnownFileType = sourcecode.swift; path = LoginViewModel.swift; sourceTree = "<group>"; };
		7128C0DF2A5EC19400134365 /* GoogleService-Info.plist */ = {isa = PBXFileReference; lastKnownFileType = text.plist.xml; name = "GoogleService-Info.plist"; path = "BudgetManagment/Core/GoogleService-Info.plist"; sourceTree = SOURCE_ROOT; };
		7128C0E12A5EC74200134365 /* HomeViewController.swift */ = {isa = PBXFileReference; lastKnownFileType = sourcecode.swift; path = HomeViewController.swift; sourceTree = "<group>"; };
		7128C0E32A5EC74900134365 /* Home.storyboard */ = {isa = PBXFileReference; lastKnownFileType = file.storyboard; path = Home.storyboard; sourceTree = "<group>"; };
		7128C0E52A5EC9EC00134365 /* SignUpViewModel.swift */ = {isa = PBXFileReference; lastKnownFileType = sourcecode.swift; path = SignUpViewModel.swift; sourceTree = "<group>"; };
		71B4F1502A5FE1DB003118AC /* SettingsViewController.swift */ = {isa = PBXFileReference; lastKnownFileType = sourcecode.swift; path = SettingsViewController.swift; sourceTree = "<group>"; };
		71B4F1562A601C32003118AC /* Assets.xcassets */ = {isa = PBXFileReference; lastKnownFileType = folder.assetcatalog; path = Assets.xcassets; sourceTree = "<group>"; };
		71C9984D2A5EF943003E8D77 /* FirstTableViewCell.swift */ = {isa = PBXFileReference; lastKnownFileType = sourcecode.swift; path = FirstTableViewCell.swift; sourceTree = "<group>"; };
		71C9984E2A5EF943003E8D77 /* FirstTableViewCell.xib */ = {isa = PBXFileReference; lastKnownFileType = file.xib; path = FirstTableViewCell.xib; sourceTree = "<group>"; };
		71C998532A5F0035003E8D77 /* SecondTableViewCell.swift */ = {isa = PBXFileReference; lastKnownFileType = sourcecode.swift; path = SecondTableViewCell.swift; sourceTree = "<group>"; };
		71C998542A5F0035003E8D77 /* SecondTableViewCell.xib */ = {isa = PBXFileReference; lastKnownFileType = file.xib; path = SecondTableViewCell.xib; sourceTree = "<group>"; };
		71C998572A5F07C4003E8D77 /* NewExpense.storyboard */ = {isa = PBXFileReference; lastKnownFileType = file.storyboard; path = NewExpense.storyboard; sourceTree = "<group>"; };
		71C998592A5F07DD003E8D77 /* NewExpenseViewController.swift */ = {isa = PBXFileReference; lastKnownFileType = sourcecode.swift; path = NewExpenseViewController.swift; sourceTree = "<group>"; };
		71C9985B2A5F1136003E8D77 /* ExpenseModel.swift */ = {isa = PBXFileReference; lastKnownFileType = sourcecode.swift; path = ExpenseModel.swift; sourceTree = "<group>"; };
		71C9985D2A5F1161003E8D77 /* ItemViewModel.swift */ = {isa = PBXFileReference; lastKnownFileType = sourcecode.swift; path = ItemViewModel.swift; sourceTree = "<group>"; };
		71C9985F2A5F140C003E8D77 /* HomeViewModel.swift */ = {isa = PBXFileReference; lastKnownFileType = sourcecode.swift; path = HomeViewModel.swift; sourceTree = "<group>"; };
		71D191522A5E943E0050DC3D /* BudgetManagment.app */ = {isa = PBXFileReference; explicitFileType = wrapper.application; includeInIndex = 0; path = BudgetManagment.app; sourceTree = BUILT_PRODUCTS_DIR; };
		71D191552A5E943E0050DC3D /* AppDelegate.swift */ = {isa = PBXFileReference; lastKnownFileType = sourcecode.swift; path = AppDelegate.swift; sourceTree = "<group>"; };
		71D191572A5E943E0050DC3D /* SceneDelegate.swift */ = {isa = PBXFileReference; lastKnownFileType = sourcecode.swift; path = SceneDelegate.swift; sourceTree = "<group>"; };
		71D191592A5E943E0050DC3D /* LoginViewController.swift */ = {isa = PBXFileReference; lastKnownFileType = sourcecode.swift; path = LoginViewController.swift; sourceTree = "<group>"; };
		71D1915C2A5E943E0050DC3D /* Base */ = {isa = PBXFileReference; lastKnownFileType = file.storyboard; name = Base; path = Base.lproj/Login.storyboard; sourceTree = "<group>"; };
		71D1915F2A5E943E0050DC3D /* BudgetManagment.xcdatamodel */ = {isa = PBXFileReference; lastKnownFileType = wrapper.xcdatamodel; path = BudgetManagment.xcdatamodel; sourceTree = "<group>"; };
		71D191642A5E943F0050DC3D /* Base */ = {isa = PBXFileReference; lastKnownFileType = file.storyboard; name = Base; path = Base.lproj/LaunchScreen.storyboard; sourceTree = "<group>"; };
		71D191662A5E943F0050DC3D /* Info.plist */ = {isa = PBXFileReference; lastKnownFileType = text.plist.xml; path = Info.plist; sourceTree = "<group>"; };
/* End PBXFileReference section */

/* Begin PBXFrameworksBuildPhase section */
		71D1914F2A5E943E0050DC3D /* Frameworks */ = {
			isa = PBXFrameworksBuildPhase;
			buildActionMask = 2147483647;
			files = (
				7128C0DA2A5EC13200134365 /* FirebaseDatabase in Frameworks */,
				7128C0DE2A5EC13300134365 /* FirebaseStorage in Frameworks */,
				7128C0D82A5EC13200134365 /* FirebaseAuth in Frameworks */,
				7128C0DC2A5EC13200134365 /* FirebaseFirestore in Frameworks */,
			);
			runOnlyForDeploymentPostprocessing = 0;
		};
/* End PBXFrameworksBuildPhase section */

/* Begin PBXGroup section */
		7128C0E72A5ECF0100134365 /* Scenes */ = {
			isa = PBXGroup;
			children = (
				7128C0E32A5EC74900134365 /* Home.storyboard */,
				71D191632A5E943F0050DC3D /* LaunchScreen.storyboard */,
				71D1915B2A5E943E0050DC3D /* Login.storyboard */,
				7128C0C32A5EA78800134365 /* SignUp.storyboard */,
				71C998572A5F07C4003E8D77 /* NewExpense.storyboard */,
			);
			path = Scenes;
			sourceTree = "<group>";
		};
		7128C0E82A5ECF1200134365 /* ViewModels */ = {
			isa = PBXGroup;
			children = (
				71C9985D2A5F1161003E8D77 /* ItemViewModel.swift */,
				7128C0D42A5EBDB000134365 /* LoginViewModel.swift */,
				7128C0E52A5EC9EC00134365 /* SignUpViewModel.swift */,
				71C9985F2A5F140C003E8D77 /* HomeViewModel.swift */,
			);
			path = ViewModels;
			sourceTree = "<group>";
		};
		71B4F1522A5FEB69003118AC /* Model */ = {
			isa = PBXGroup;
			children = (
				7128C0D22A5EBD9A00134365 /* UserModel.swift */,
				71C9985B2A5F1136003E8D77 /* ExpenseModel.swift */,
			);
			path = Model;
			sourceTree = "<group>";
		};
		71B4F1532A5FEB85003118AC /* ViewController */ = {
			isa = PBXGroup;
			children = (
				71D191592A5E943E0050DC3D /* LoginViewController.swift */,
				7128C0C12A5EA77B00134365 /* SignUpViewController.swift */,
				7128C0E12A5EC74200134365 /* HomeViewController.swift */,
				71C998592A5F07DD003E8D77 /* NewExpenseViewController.swift */,
				71B4F1502A5FE1DB003118AC /* SettingsViewController.swift */,
			);
			path = ViewController;
			sourceTree = "<group>";
		};
		71B4F1542A5FEBB0003118AC /* Core */ = {
			isa = PBXGroup;
			children = (
				71D191552A5E943E0050DC3D /* AppDelegate.swift */,
				71D191572A5E943E0050DC3D /* SceneDelegate.swift */,
				7128C0DF2A5EC19400134365 /* GoogleService-Info.plist */,
				71D191662A5E943F0050DC3D /* Info.plist */,
			);
			path = Core;
			sourceTree = "<group>";
		};
		71B4F1552A5FEC51003118AC /* TableViewCell */ = {
			isa = PBXGroup;
			children = (
				71C998522A5F0024003E8D77 /* SecondCell */,
				71C998512A5F0013003E8D77 /* FirstCell */,
			);
			path = TableViewCell;
			sourceTree = "<group>";
		};
		71C998512A5F0013003E8D77 /* FirstCell */ = {
			isa = PBXGroup;
			children = (
				71C9984D2A5EF943003E8D77 /* FirstTableViewCell.swift */,
				71C9984E2A5EF943003E8D77 /* FirstTableViewCell.xib */,
			);
			path = FirstCell;
			sourceTree = "<group>";
		};
		71C998522A5F0024003E8D77 /* SecondCell */ = {
			isa = PBXGroup;
			children = (
				71C998532A5F0035003E8D77 /* SecondTableViewCell.swift */,
				71C998542A5F0035003E8D77 /* SecondTableViewCell.xib */,
			);
			path = SecondCell;
			sourceTree = "<group>";
		};
		71D191492A5E943E0050DC3D = {
			isa = PBXGroup;
			children = (
				71D191542A5E943E0050DC3D /* BudgetManagment */,
				71D191532A5E943E0050DC3D /* Products */,
			);
			sourceTree = "<group>";
		};
		71D191532A5E943E0050DC3D /* Products */ = {
			isa = PBXGroup;
			children = (
				71D191522A5E943E0050DC3D /* BudgetManagment.app */,
			);
			name = Products;
			sourceTree = "<group>";
		};
		71D191542A5E943E0050DC3D /* BudgetManagment */ = {
			isa = PBXGroup;
			children = (
				71B4F1552A5FEC51003118AC /* TableViewCell */,
				71B4F1542A5FEBB0003118AC /* Core */,
				71B4F1532A5FEB85003118AC /* ViewController */,
				71B4F1522A5FEB69003118AC /* Model */,
				7128C0E82A5ECF1200134365 /* ViewModels */,
				7128C0E72A5ECF0100134365 /* Scenes */,
				71D1915E2A5E943E0050DC3D /* BudgetManagment.xcdatamodeld */,
				71B4F1562A601C32003118AC /* Assets.xcassets */,
			);
			path = BudgetManagment;
			sourceTree = "<group>";
		};
/* End PBXGroup section */

/* Begin PBXNativeTarget section */
		71D191512A5E943E0050DC3D /* BudgetManagment */ = {
			isa = PBXNativeTarget;
			buildConfigurationList = 71D191692A5E943F0050DC3D /* Build configuration list for PBXNativeTarget "BudgetManagment" */;
			buildPhases = (
				71D1914E2A5E943E0050DC3D /* Sources */,
				71D1914F2A5E943E0050DC3D /* Frameworks */,
				71D191502A5E943E0050DC3D /* Resources */,
			);
			buildRules = (
			);
			dependencies = (
			);
			name = BudgetManagment;
			packageProductDependencies = (
				7128C0D72A5EC13200134365 /* FirebaseAuth */,
				7128C0D92A5EC13200134365 /* FirebaseDatabase */,
				7128C0DB2A5EC13200134365 /* FirebaseFirestore */,
				7128C0DD2A5EC13300134365 /* FirebaseStorage */,
			);
			productName = BudgetManagment;
			productReference = 71D191522A5E943E0050DC3D /* BudgetManagment.app */;
			productType = "com.apple.product-type.application";
		};
/* End PBXNativeTarget section */

/* Begin PBXProject section */
		71D1914A2A5E943E0050DC3D /* Project object */ = {
			isa = PBXProject;
			attributes = {
				BuildIndependentTargetsInParallel = 1;
				LastSwiftUpdateCheck = 1430;
				LastUpgradeCheck = 1430;
				TargetAttributes = {
					71D191512A5E943E0050DC3D = {
						CreatedOnToolsVersion = 14.3;
					};
				};
			};
			buildConfigurationList = 71D1914D2A5E943E0050DC3D /* Build configuration list for PBXProject "BudgetManagment" */;
			compatibilityVersion = "Xcode 14.0";
			developmentRegion = en;
			hasScannedForEncodings = 0;
			knownRegions = (
				en,
				Base,
			);
			mainGroup = 71D191492A5E943E0050DC3D;
			packageReferences = (
				7128C0D62A5EC13200134365 /* XCRemoteSwiftPackageReference "firebase-ios-sdk" */,
			);
			productRefGroup = 71D191532A5E943E0050DC3D /* Products */;
			projectDirPath = "";
			projectRoot = "";
			targets = (
				71D191512A5E943E0050DC3D /* BudgetManagment */,
			);
		};
/* End PBXProject section */

/* Begin PBXResourcesBuildPhase section */
		71D191502A5E943E0050DC3D /* Resources */ = {
			isa = PBXResourcesBuildPhase;
			buildActionMask = 2147483647;
			files = (
				71D191652A5E943F0050DC3D /* LaunchScreen.storyboard in Resources */,
				71C998582A5F07C4003E8D77 /* NewExpense.storyboard in Resources */,
				71C998502A5EF943003E8D77 /* FirstTableViewCell.xib in Resources */,
				7128C0E02A5EC19400134365 /* GoogleService-Info.plist in Resources */,
				7128C0E42A5EC74900134365 /* Home.storyboard in Resources */,
				7128C0C42A5EA78800134365 /* SignUp.storyboard in Resources */,
				71D1915D2A5E943E0050DC3D /* Login.storyboard in Resources */,
				71B4F1572A601C32003118AC /* Assets.xcassets in Resources */,
				71C998562A5F0035003E8D77 /* SecondTableViewCell.xib in Resources */,
			);
			runOnlyForDeploymentPostprocessing = 0;
		};
/* End PBXResourcesBuildPhase section */

/* Begin PBXSourcesBuildPhase section */
		71D1914E2A5E943E0050DC3D /* Sources */ = {
			isa = PBXSourcesBuildPhase;
			buildActionMask = 2147483647;
			files = (
				71C998552A5F0035003E8D77 /* SecondTableViewCell.swift in Sources */,
				71D1915A2A5E943E0050DC3D /* LoginViewController.swift in Sources */,
				71C9985A2A5F07DD003E8D77 /* NewExpenseViewController.swift in Sources */,
				71C9985E2A5F1161003E8D77 /* ItemViewModel.swift in Sources */,
				7128C0D32A5EBD9A00134365 /* UserModel.swift in Sources */,
				71C9984F2A5EF943003E8D77 /* FirstTableViewCell.swift in Sources */,
				7128C0E62A5EC9EC00134365 /* SignUpViewModel.swift in Sources */,
				71B4F1512A5FE1DB003118AC /* SettingsViewController.swift in Sources */,
				71C9985C2A5F1136003E8D77 /* ExpenseModel.swift in Sources */,
				71D191562A5E943E0050DC3D /* AppDelegate.swift in Sources */,
				71D191582A5E943E0050DC3D /* SceneDelegate.swift in Sources */,
				7128C0D52A5EBDB000134365 /* LoginViewModel.swift in Sources */,
				7128C0E22A5EC74200134365 /* HomeViewController.swift in Sources */,
				71D191602A5E943E0050DC3D /* BudgetManagment.xcdatamodeld in Sources */,
				71C998602A5F140C003E8D77 /* HomeViewModel.swift in Sources */,
				7128C0C22A5EA77B00134365 /* SignUpViewController.swift in Sources */,
			);
			runOnlyForDeploymentPostprocessing = 0;
		};
/* End PBXSourcesBuildPhase section */

/* Begin PBXVariantGroup section */
		71D1915B2A5E943E0050DC3D /* Login.storyboard */ = {
			isa = PBXVariantGroup;
			children = (
				71D1915C2A5E943E0050DC3D /* Base */,
			);
			name = Login.storyboard;
			sourceTree = "<group>";
		};
		71D191632A5E943F0050DC3D /* LaunchScreen.storyboard */ = {
			isa = PBXVariantGroup;
			children = (
				71D191642A5E943F0050DC3D /* Base */,
			);
			name = LaunchScreen.storyboard;
			sourceTree = "<group>";
		};
/* End PBXVariantGroup section */

/* Begin XCBuildConfiguration section */
		71D191672A5E943F0050DC3D /* Debug */ = {
			isa = XCBuildConfiguration;
			buildSettings = {
				ALWAYS_SEARCH_USER_PATHS = NO;
				CLANG_ANALYZER_NONNULL = YES;
				CLANG_ANALYZER_NUMBER_OBJECT_CONVERSION = YES_AGGRESSIVE;
				CLANG_CXX_LANGUAGE_STANDARD = "gnu++20";
				CLANG_ENABLE_MODULES = YES;
				CLANG_ENABLE_OBJC_ARC = YES;
				CLANG_ENABLE_OBJC_WEAK = YES;
				CLANG_WARN_BLOCK_CAPTURE_AUTORELEASING = YES;
				CLANG_WARN_BOOL_CONVERSION = YES;
				CLANG_WARN_COMMA = YES;
				CLANG_WARN_CONSTANT_CONVERSION = YES;
				CLANG_WARN_DEPRECATED_OBJC_IMPLEMENTATIONS = YES;
				CLANG_WARN_DIRECT_OBJC_ISA_USAGE = YES_ERROR;
				CLANG_WARN_DOCUMENTATION_COMMENTS = YES;
				CLANG_WARN_EMPTY_BODY = YES;
				CLANG_WARN_ENUM_CONVERSION = YES;
				CLANG_WARN_INFINITE_RECURSION = YES;
				CLANG_WARN_INT_CONVERSION = YES;
				CLANG_WARN_NON_LITERAL_NULL_CONVERSION = YES;
				CLANG_WARN_OBJC_IMPLICIT_RETAIN_SELF = YES;
				CLANG_WARN_OBJC_LITERAL_CONVERSION = YES;
				CLANG_WARN_OBJC_ROOT_CLASS = YES_ERROR;
				CLANG_WARN_QUOTED_INCLUDE_IN_FRAMEWORK_HEADER = YES;
				CLANG_WARN_RANGE_LOOP_ANALYSIS = YES;
				CLANG_WARN_STRICT_PROTOTYPES = YES;
				CLANG_WARN_SUSPICIOUS_MOVE = YES;
				CLANG_WARN_UNGUARDED_AVAILABILITY = YES_AGGRESSIVE;
				CLANG_WARN_UNREACHABLE_CODE = YES;
				CLANG_WARN__DUPLICATE_METHOD_MATCH = YES;
				COPY_PHASE_STRIP = NO;
				DEBUG_INFORMATION_FORMAT = dwarf;
				ENABLE_STRICT_OBJC_MSGSEND = YES;
				ENABLE_TESTABILITY = YES;
				GCC_C_LANGUAGE_STANDARD = gnu11;
				GCC_DYNAMIC_NO_PIC = NO;
				GCC_NO_COMMON_BLOCKS = YES;
				GCC_OPTIMIZATION_LEVEL = 0;
				GCC_PREPROCESSOR_DEFINITIONS = (
					"DEBUG=1",
					"$(inherited)",
				);
				GCC_WARN_64_TO_32_BIT_CONVERSION = YES;
				GCC_WARN_ABOUT_RETURN_TYPE = YES_ERROR;
				GCC_WARN_UNDECLARED_SELECTOR = YES;
				GCC_WARN_UNINITIALIZED_AUTOS = YES_AGGRESSIVE;
				GCC_WARN_UNUSED_FUNCTION = YES;
				GCC_WARN_UNUSED_VARIABLE = YES;
				IPHONEOS_DEPLOYMENT_TARGET = 16.4;
				MTL_ENABLE_DEBUG_INFO = INCLUDE_SOURCE;
				MTL_FAST_MATH = YES;
				ONLY_ACTIVE_ARCH = YES;
				SDKROOT = iphoneos;
				SWIFT_ACTIVE_COMPILATION_CONDITIONS = DEBUG;
				SWIFT_OPTIMIZATION_LEVEL = "-Onone";
			};
			name = Debug;
		};
		71D191682A5E943F0050DC3D /* Release */ = {
			isa = XCBuildConfiguration;
			buildSettings = {
				ALWAYS_SEARCH_USER_PATHS = NO;
				CLANG_ANALYZER_NONNULL = YES;
				CLANG_ANALYZER_NUMBER_OBJECT_CONVERSION = YES_AGGRESSIVE;
				CLANG_CXX_LANGUAGE_STANDARD = "gnu++20";
				CLANG_ENABLE_MODULES = YES;
				CLANG_ENABLE_OBJC_ARC = YES;
				CLANG_ENABLE_OBJC_WEAK = YES;
				CLANG_WARN_BLOCK_CAPTURE_AUTORELEASING = YES;
				CLANG_WARN_BOOL_CONVERSION = YES;
				CLANG_WARN_COMMA = YES;
				CLANG_WARN_CONSTANT_CONVERSION = YES;
				CLANG_WARN_DEPRECATED_OBJC_IMPLEMENTATIONS = YES;
				CLANG_WARN_DIRECT_OBJC_ISA_USAGE = YES_ERROR;
				CLANG_WARN_DOCUMENTATION_COMMENTS = YES;
				CLANG_WARN_EMPTY_BODY = YES;
				CLANG_WARN_ENUM_CONVERSION = YES;
				CLANG_WARN_INFINITE_RECURSION = YES;
				CLANG_WARN_INT_CONVERSION = YES;
				CLANG_WARN_NON_LITERAL_NULL_CONVERSION = YES;
				CLANG_WARN_OBJC_IMPLICIT_RETAIN_SELF = YES;
				CLANG_WARN_OBJC_LITERAL_CONVERSION = YES;
				CLANG_WARN_OBJC_ROOT_CLASS = YES_ERROR;
				CLANG_WARN_QUOTED_INCLUDE_IN_FRAMEWORK_HEADER = YES;
				CLANG_WARN_RANGE_LOOP_ANALYSIS = YES;
				CLANG_WARN_STRICT_PROTOTYPES = YES;
				CLANG_WARN_SUSPICIOUS_MOVE = YES;
				CLANG_WARN_UNGUARDED_AVAILABILITY = YES_AGGRESSIVE;
				CLANG_WARN_UNREACHABLE_CODE = YES;
				CLANG_WARN__DUPLICATE_METHOD_MATCH = YES;
				COPY_PHASE_STRIP = NO;
				DEBUG_INFORMATION_FORMAT = "dwarf-with-dsym";
				ENABLE_NS_ASSERTIONS = NO;
				ENABLE_STRICT_OBJC_MSGSEND = YES;
				GCC_C_LANGUAGE_STANDARD = gnu11;
				GCC_NO_COMMON_BLOCKS = YES;
				GCC_WARN_64_TO_32_BIT_CONVERSION = YES;
				GCC_WARN_ABOUT_RETURN_TYPE = YES_ERROR;
				GCC_WARN_UNDECLARED_SELECTOR = YES;
				GCC_WARN_UNINITIALIZED_AUTOS = YES_AGGRESSIVE;
				GCC_WARN_UNUSED_FUNCTION = YES;
				GCC_WARN_UNUSED_VARIABLE = YES;
				IPHONEOS_DEPLOYMENT_TARGET = 16.4;
				MTL_ENABLE_DEBUG_INFO = NO;
				MTL_FAST_MATH = YES;
				SDKROOT = iphoneos;
				SWIFT_COMPILATION_MODE = wholemodule;
				SWIFT_OPTIMIZATION_LEVEL = "-O";
				VALIDATE_PRODUCT = YES;
			};
			name = Release;
		};
		71D1916A2A5E943F0050DC3D /* Debug */ = {
			isa = XCBuildConfiguration;
			buildSettings = {
				ASSETCATALOG_COMPILER_APPICON_NAME = AppIcon;
				ASSETCATALOG_COMPILER_GLOBAL_ACCENT_COLOR_NAME = AccentColor;
				CODE_SIGN_STYLE = Automatic;
				CURRENT_PROJECT_VERSION = 1;
				DEVELOPMENT_TEAM = W69WTC53M7;
				GENERATE_INFOPLIST_FILE = YES;
				INFOPLIST_FILE = BudgetManagment/Core/Info.plist;
				INFOPLIST_KEY_UIApplicationSupportsIndirectInputEvents = YES;
				INFOPLIST_KEY_UILaunchStoryboardName = LaunchScreen;
				INFOPLIST_KEY_UIMainStoryboardFile = Login;
				INFOPLIST_KEY_UISupportedInterfaceOrientations_iPad = "UIInterfaceOrientationPortrait UIInterfaceOrientationPortraitUpsideDown UIInterfaceOrientationLandscapeLeft UIInterfaceOrientationLandscapeRight";
				INFOPLIST_KEY_UISupportedInterfaceOrientations_iPhone = "UIInterfaceOrientationPortrait UIInterfaceOrientationLandscapeLeft UIInterfaceOrientationLandscapeRight";
				IPHONEOS_DEPLOYMENT_TARGET = 15.0;
				LD_RUNPATH_SEARCH_PATHS = (
					"$(inherited)",
					"@executable_path/Frameworks",
				);
				MARKETING_VERSION = 1.0;
				PRODUCT_BUNDLE_IDENTIFIER = talhavarol.com.BudgetManagment;
				PRODUCT_NAME = "$(TARGET_NAME)";
				SWIFT_EMIT_LOC_STRINGS = YES;
				SWIFT_VERSION = 5.0;
				TARGETED_DEVICE_FAMILY = "1,2";
			};
			name = Debug;
		};
		71D1916B2A5E943F0050DC3D /* Release */ = {
			isa = XCBuildConfiguration;
			buildSettings = {
				ASSETCATALOG_COMPILER_APPICON_NAME = AppIcon;
				ASSETCATALOG_COMPILER_GLOBAL_ACCENT_COLOR_NAME = AccentColor;
				CODE_SIGN_STYLE = Automatic;
				CURRENT_PROJECT_VERSION = 1;
				DEVELOPMENT_TEAM = W69WTC53M7;
				GENERATE_INFOPLIST_FILE = YES;
				INFOPLIST_FILE = BudgetManagment/Core/Info.plist;
				INFOPLIST_KEY_UIApplicationSupportsIndirectInputEvents = YES;
				INFOPLIST_KEY_UILaunchStoryboardName = LaunchScreen;
				INFOPLIST_KEY_UIMainStoryboardFile = Login;
				INFOPLIST_KEY_UISupportedInterfaceOrientations_iPad = "UIInterfaceOrientationPortrait UIInterfaceOrientationPortraitUpsideDown UIInterfaceOrientationLandscapeLeft UIInterfaceOrientationLandscapeRight";
				INFOPLIST_KEY_UISupportedInterfaceOrientations_iPhone = "UIInterfaceOrientationPortrait UIInterfaceOrientationLandscapeLeft UIInterfaceOrientationLandscapeRight";
				IPHONEOS_DEPLOYMENT_TARGET = 15.0;
				LD_RUNPATH_SEARCH_PATHS = (
					"$(inherited)",
					"@executable_path/Frameworks",
				);
				MARKETING_VERSION = 1.0;
				PRODUCT_BUNDLE_IDENTIFIER = talhavarol.com.BudgetManagment;
				PRODUCT_NAME = "$(TARGET_NAME)";
				SWIFT_EMIT_LOC_STRINGS = YES;
				SWIFT_VERSION = 5.0;
				TARGETED_DEVICE_FAMILY = "1,2";
			};
			name = Release;
		};
/* End XCBuildConfiguration section */

/* Begin XCConfigurationList section */
		71D1914D2A5E943E0050DC3D /* Build configuration list for PBXProject "BudgetManagment" */ = {
			isa = XCConfigurationList;
			buildConfigurations = (
				71D191672A5E943F0050DC3D /* Debug */,
				71D191682A5E943F0050DC3D /* Release */,
			);
			defaultConfigurationIsVisible = 0;
			defaultConfigurationName = Release;
		};
		71D191692A5E943F0050DC3D /* Build configuration list for PBXNativeTarget "BudgetManagment" */ = {
			isa = XCConfigurationList;
			buildConfigurations = (
				71D1916A2A5E943F0050DC3D /* Debug */,
				71D1916B2A5E943F0050DC3D /* Release */,
			);
			defaultConfigurationIsVisible = 0;
			defaultConfigurationName = Release;
		};
/* End XCConfigurationList section */

/* Begin XCRemoteSwiftPackageReference section */
		7128C0D62A5EC13200134365 /* XCRemoteSwiftPackageReference "firebase-ios-sdk" */ = {
			isa = XCRemoteSwiftPackageReference;
			repositoryURL = "https://github.com/firebase/firebase-ios-sdk";
			requirement = {
				kind = upToNextMajorVersion;
				minimumVersion = 10.0.0;
			};
		};
/* End XCRemoteSwiftPackageReference section */

/* Begin XCSwiftPackageProductDependency section */
		7128C0D72A5EC13200134365 /* FirebaseAuth */ = {
			isa = XCSwiftPackageProductDependency;
			package = 7128C0D62A5EC13200134365 /* XCRemoteSwiftPackageReference "firebase-ios-sdk" */;
			productName = FirebaseAuth;
		};
		7128C0D92A5EC13200134365 /* FirebaseDatabase */ = {
			isa = XCSwiftPackageProductDependency;
			package = 7128C0D62A5EC13200134365 /* XCRemoteSwiftPackageReference "firebase-ios-sdk" */;
			productName = FirebaseDatabase;
		};
		7128C0DB2A5EC13200134365 /* FirebaseFirestore */ = {
			isa = XCSwiftPackageProductDependency;
			package = 7128C0D62A5EC13200134365 /* XCRemoteSwiftPackageReference "firebase-ios-sdk" */;
			productName = FirebaseFirestore;
		};
		7128C0DD2A5EC13300134365 /* FirebaseStorage */ = {
			isa = XCSwiftPackageProductDependency;
			package = 7128C0D62A5EC13200134365 /* XCRemoteSwiftPackageReference "firebase-ios-sdk" */;
			productName = FirebaseStorage;
		};
/* End XCSwiftPackageProductDependency section */

/* Begin XCVersionGroup section */
		71D1915E2A5E943E0050DC3D /* BudgetManagment.xcdatamodeld */ = {
			isa = XCVersionGroup;
			children = (
				71D1915F2A5E943E0050DC3D /* BudgetManagment.xcdatamodel */,
			);
			currentVersion = 71D1915F2A5E943E0050DC3D /* BudgetManagment.xcdatamodel */;
			path = BudgetManagment.xcdatamodeld;
			sourceTree = "<group>";
			versionGroupType = wrapper.xcdatamodel;
		};
/* End XCVersionGroup section */
	};
	rootObject = 71D1914A2A5E943E0050DC3D /* Project object */;
}
